
Microsoft Visual Studio Solution File, Format Version 12.00
# Visual Studio Version 17
VisualStudioVersion = 17.11.35327.3
MinimumVisualStudioVersion = 10.0.40219.1
Project("{2150E333-8FDC-42A3-9474-1A3956D46DE8}") = "Solution Items", "Solution Items", "{1EB12F02-1B10-4483-9890-2D33A0A974B1}"
	ProjectSection(SolutionItems) = preProject
		.gitattributes = .gitattributes
		.gitignore = .gitignore
		README.md = README.md
	EndProjectSection
EndProject
Project("{FAE04EC0-301F-11D3-BF4B-00C04F79EFBC}") = "Financial.WASM", "src\Financial.WASM\Financial.WASM.csproj", "{734FF12F-04EB-4733-A475-CC0B591598D6}"
EndProject
Project("{2150E333-8FDC-42A3-9474-1A3956D46DE8}") = "src", "src", "{E4187EB2-89CE-4901-8E46-BB91E8931112}"
EndProject
Global
	GlobalSection(SolutionConfigurationPlatforms) = preSolution
		Debug|Any CPU = Debug|Any CPU
		Release|Any CPU = Release|Any CPU
	EndGlobalSection
	GlobalSection(ProjectConfigurationPlatforms) = postSolution
		{734FF12F-04EB-4733-A475-CC0B591598D6}.Debug|Any CPU.ActiveCfg = Debug|Any CPU
		{734FF12F-04EB-4733-A475-CC0B591598D6}.Debug|Any CPU.Build.0 = Debug|Any CPU
		{734FF12F-04EB-4733-A475-CC0B591598D6}.Release|Any CPU.ActiveCfg = Release|Any CPU
		{734FF12F-04EB-4733-A475-CC0B591598D6}.Release|Any CPU.Build.0 = Release|Any CPU
	EndGlobalSection
	GlobalSection(SolutionProperties) = preSolution
		HideSolutionNode = FALSE
	EndGlobalSection
	GlobalSection(NestedProjects) = preSolution
		{734FF12F-04EB-4733-A475-CC0B591598D6} = {E4187EB2-89CE-4901-8E46-BB91E8931112}
	EndGlobalSection
	GlobalSection(ExtensibilityGlobals) = postSolution
		SolutionGuid = {D4D71CCC-F67E-4683-AA72-25C6ACC6EC04}
	EndGlobalSection
EndGlobal
